
Microsoft Visual Studio Solution File, Format Version 12.00
# Visual Studio Version 16
VisualStudioVersion = 16.0.30413.136
MinimumVisualStudioVersion = 15.0.26124.0
Project("{9A19103F-16F7-4668-BE54-9A1E7A4F7556}") = "SportsStore", "SportsStore\SportsStore.csproj", "{2D53C1C8-E5EF-446B-B08F-C37BFC809554}"
EndProject
Project("{9A19103F-16F7-4668-BE54-9A1E7A4F7556}") = "SportsStore.Tests", "SportsStore.Tests\SportsStore.Tests.csproj", "{7EE5CE0E-DB0E-41AC-BCDC-61F5B84D77B5}"
EndProject
Global
	GlobalSection(SolutionConfigurationPlatforms) = preSolution
		Debug|Any CPU = Debug|Any CPU
		Debug|x64 = Debug|x64
		Debug|x86 = Debug|x86
		Release|Any CPU = Release|Any CPU
		Release|x64 = Release|x64
		Release|x86 = Release|x86
	EndGlobalSection
	GlobalSection(ProjectConfigurationPlatforms) = postSolution
		{2D53C1C8-E5EF-446B-B08F-C37BFC809554}.Debug|Any CPU.ActiveCfg = Debug|Any CPU
		{2D53C1C8-E5EF-446B-B08F-C37BFC809554}.Debug|Any CPU.Build.0 = Debug|Any CPU
		{2D53C1C8-E5EF-446B-B08F-C37BFC809554}.Debug|x64.ActiveCfg = Debug|Any CPU
		{2D53C1C8-E5EF-446B-B08F-C37BFC809554}.Debug|x64.Build.0 = Debug|Any CPU
		{2D53C1C8-E5EF-446B-B08F-C37BFC809554}.Debug|x86.ActiveCfg = Debug|Any CPU
		{2D53C1C8-E5EF-446B-B08F-C37BFC809554}.Debug|x86.Build.0 = Debug|Any CPU
		{2D53C1C8-E5EF-446B-B08F-C37BFC809554}.Release|Any CPU.ActiveCfg = Release|Any CPU
		{2D53C1C8-E5EF-446B-B08F-C37BFC809554}.Release|Any CPU.Build.0 = Release|Any CPU
		{2D53C1C8-E5EF-446B-B08F-C37BFC809554}.Release|x64.ActiveCfg = Release|Any CPU
		{2D53C1C8-E5EF-446B-B08F-C37BFC809554}.Release|x64.Build.0 = Release|Any CPU
		{2D53C1C8-E5EF-446B-B08F-C37BFC809554}.Release|x86.ActiveCfg = Release|Any CPU
		{2D53C1C8-E5EF-446B-B08F-C37BFC809554}.Release|x86.Build.0 = Release|Any CPU
		{7EE5CE0E-DB0E-41AC-BCDC-61F5B84D77B5}.Debug|Any CPU.ActiveCfg = Debug|Any CPU
		{7EE5CE0E-DB0E-41AC-BCDC-61F5B84D77B5}.Debug|Any CPU.Build.0 = Debug|Any CPU
		{7EE5CE0E-DB0E-41AC-BCDC-61F5B84D77B5}.Debug|x64.ActiveCfg = Debug|Any CPU
		{7EE5CE0E-DB0E-41AC-BCDC-61F5B84D77B5}.Debug|x64.Build.0 = Debug|Any CPU
		{7EE5CE0E-DB0E-41AC-BCDC-61F5B84D77B5}.Debug|x86.ActiveCfg = Debug|Any CPU
		{7EE5CE0E-DB0E-41AC-BCDC-61F5B84D77B5}.Debug|x86.Build.0 = Debug|Any CPU
		{7EE5CE0E-DB0E-41AC-BCDC-61F5B84D77B5}.Release|Any CPU.ActiveCfg = Release|Any CPU
		{7EE5CE0E-DB0E-41AC-BCDC-61F5B84D77B5}.Release|Any CPU.Build.0 = Release|Any CPU
		{7EE5CE0E-DB0E-41AC-BCDC-61F5B84D77B5}.Release|x64.ActiveCfg = Release|Any CPU
		{7EE5CE0E-DB0E-41AC-BCDC-61F5B84D77B5}.Release|x64.Build.0 = Release|Any CPU
		{7EE5CE0E-DB0E-41AC-BCDC-61F5B84D77B5}.Release|x86.ActiveCfg = Release|Any CPU
		{7EE5CE0E-DB0E-41AC-BCDC-61F5B84D77B5}.Release|x86.Build.0 = Release|Any CPU
	EndGlobalSection
	GlobalSection(SolutionProperties) = preSolution
		HideSolutionNode = FALSE
	EndGlobalSection
	GlobalSection(ExtensibilityGlobals) = postSolution
		SolutionGuid = {173921A6-DD0F-4C1B-8622-3C315A4703B4}
	EndGlobalSection
EndGlobal
